
Microsoft Visual Studio Solution File, Format Version 12.00
# Visual Studio Version 17
VisualStudioVersion = 17.9.34622.214
MinimumVisualStudioVersion = 10.0.40219.1
Project("{FAE04EC0-301F-11D3-BF4B-00C04F79EFBC}") = "TestApplication", "TestApplication\TestApplication.csproj", "{F7A32DE0-1EC3-40BA-91FA-A2198888BEDE}"
EndProject
Project("{FAE04EC0-301F-11D3-BF4B-00C04F79EFBC}") = "AutomationIDScript", "AutomationIDScript\AutomationIDScript.csproj", "{93BCB668-00CC-4CB2-98F0-8FE9686E1829}"
EndProject
Global
	GlobalSection(SolutionConfigurationPlatforms) = preSolution
		Debug|Any CPU = Debug|Any CPU
		Release|Any CPU = Release|Any CPU
	EndGlobalSection
	GlobalSection(ProjectConfigurationPlatforms) = postSolution
		{F7A32DE0-1EC3-40BA-91FA-A2198888BEDE}.Debug|Any CPU.ActiveCfg = Debug|Any CPU
		{F7A32DE0-1EC3-40BA-91FA-A2198888BEDE}.Debug|Any CPU.Build.0 = Debug|Any CPU
		{F7A32DE0-1EC3-40BA-91FA-A2198888BEDE}.Release|Any CPU.ActiveCfg = Release|Any CPU
		{F7A32DE0-1EC3-40BA-91FA-A2198888BEDE}.Release|Any CPU.Build.0 = Release|Any CPU
		{93BCB668-00CC-4CB2-98F0-8FE9686E1829}.Debug|Any CPU.ActiveCfg = Debug|Any CPU
		{93BCB668-00CC-4CB2-98F0-8FE9686E1829}.Debug|Any CPU.Build.0 = Debug|Any CPU
		{93BCB668-00CC-4CB2-98F0-8FE9686E1829}.Release|Any CPU.ActiveCfg = Release|Any CPU
		{93BCB668-00CC-4CB2-98F0-8FE9686E1829}.Release|Any CPU.Build.0 = Release|Any CPU
	EndGlobalSection
	GlobalSection(SolutionProperties) = preSolution
		HideSolutionNode = FALSE
	EndGlobalSection
	GlobalSection(ExtensibilityGlobals) = postSolution
		SolutionGuid = {46479B20-7115-46D1-B382-0A1D37D174D5}
	EndGlobalSection
EndGlobal
